
Microsoft Visual Studio Solution File, Format Version 12.00
# Visual Studio Version 17
VisualStudioVersion = 17.0.31512.422
MinimumVisualStudioVersion = 10.0.40219.1
Project("{FAE04EC0-301F-11D3-BF4B-00C04F79EFBC}") = "CRM.DataUpdater", "CRM.BTGPactual.ClimbDataUpdater\CRM.DataUpdater.csproj", "{D35671EF-2E57-481A-92F9-D689B5F8ACB0}"
EndProject
Project("{FAE04EC0-301F-11D3-BF4B-00C04F79EFBC}") = "CRM.DataUpdater.UI", "Pactual.CRM.DataUpdater.UI\CRM.DataUpdater.UI.csproj", "{5DAAB69D-13BD-459C-B748-D24CA6AA57D3}"
EndProject
Global
	GlobalSection(SolutionConfigurationPlatforms) = preSolution
		Debug|Any CPU = Debug|Any CPU
		Release|Any CPU = Release|Any CPU
	EndGlobalSection
	GlobalSection(ProjectConfigurationPlatforms) = postSolution
		{D35671EF-2E57-481A-92F9-D689B5F8ACB0}.Debug|Any CPU.ActiveCfg = Debug|Any CPU
		{D35671EF-2E57-481A-92F9-D689B5F8ACB0}.Debug|Any CPU.Build.0 = Debug|Any CPU
		{D35671EF-2E57-481A-92F9-D689B5F8ACB0}.Release|Any CPU.ActiveCfg = Release|Any CPU
		{D35671EF-2E57-481A-92F9-D689B5F8ACB0}.Release|Any CPU.Build.0 = Release|Any CPU
		{5DAAB69D-13BD-459C-B748-D24CA6AA57D3}.Debug|Any CPU.ActiveCfg = Debug|Any CPU
		{5DAAB69D-13BD-459C-B748-D24CA6AA57D3}.Debug|Any CPU.Build.0 = Debug|Any CPU
		{5DAAB69D-13BD-459C-B748-D24CA6AA57D3}.Release|Any CPU.ActiveCfg = Release|Any CPU
		{5DAAB69D-13BD-459C-B748-D24CA6AA57D3}.Release|Any CPU.Build.0 = Release|Any CPU
	EndGlobalSection
	GlobalSection(SolutionProperties) = preSolution
		HideSolutionNode = FALSE
	EndGlobalSection
	GlobalSection(ExtensibilityGlobals) = postSolution
		SolutionGuid = {82E63B31-D2E0-42A2-876F-08C0843AD12F}
	EndGlobalSection
EndGlobal
